langcode: en
status: true
dependencies:
  module:
    - specbee_date_as_per_timezone
  theme:
    - olivero
id: timezoneblock
theme: olivero
region: content
weight: 0
provider: null
plugin: timezone_block
settings:
  id: timezone_block
  label: 'Timezone Block'
  label_display: visible
  provider: specbee_date_as_per_timezone
visibility: {  }
